github.com/perillaroc/nwpc-hpc-model-go v0.0.0-20190204143206-1eaa470c9f33 h1:9g6vEtGsMud4qvOi0tgCW7GL+pMEspWBGpfp+r3btkk=
github.com/perillaroc/nwpc-hpc-model-go v0.0.0-20190204143206-1eaa470c9f33/go.mod h1:s+PjFGXzT3OqUvQeas0OO68H3TZ/m5rgxJfHtcuxtZo=
github.com/perillaroc/nwpc-hpc-model-go v0.0.0-20190204143524-cd699128897a h1:DRM/gNoHJDYmt8pFCo2T56TWYhynPoIKcDFDKgE/xOU=
github.com/perillaroc/nwpc-hpc-model-go v0.0.0-20190204143524-cd699128897a/go.mod h1:s+PjFGXzT3OqUvQeas0OO68H3TZ/m5rgxJfHtcuxtZo=
github.com/urfave/cli v1.20.0 h1:fDqGv3UG/4jbVl/QkFwEdddtEDjh/5Ov6X+0B/3bPaw=
github.com/urfave/cli v1.20.0/go.mod h1:70zkFmudgCuE/ngEzBv17Jvp/497gISqfk5gWijbERA=
